{
  "lockfileVersion": 2,
  "configVersion": 1,
  "workspaces": {
    "": {
      "name": "aulora-mls-demo",
      "dependencies": {
        "@noble/curves": "2.0.1",
        "@noble/hashes": "2.3.0",
        "ts-mls": "1.6.4",
      },
    },
  },
  "packages": {
    "@hpke/common": ["@hpke/common@1.10.1", "", {}, "sha512-moJwhmtLtuxiUzzNp1jpfBfx8yefKoO9D/RCR9dmwrnc7qjJqId1rEtQz+lSlU5cabX8daToMSx/7HayXOiaFw=="],

    "@hpke/core": ["@hpke/core@1.9.0", "", { "dependencies": { "@hpke/common": "^1.10.0" } }, "sha512-pFxWl1nNJeQCSUFs7+GAblHvXBCjn9EPN65vdKlYQil2aURaRxfGMO6vBKGqm1YHTKwiAxJQNEI70PbSowMP9Q=="],

    "@noble/ciphers": ["@noble/ciphers@2.1.1", "", {}, "sha512-bysYuiVfhxNJuldNXlFEitTVdNnYUc+XNJZd7Qm2a5j1vZHgY+fazadNFWFaMK/2vye0JVlxV3gHmC0WDfAOQw=="],

    "@noble/curves": ["@noble/curves@2.0.1", "", { "dependencies": { "@noble/hashes": "2.0.1" } }, "sha512-vs1Az2OOTBiP4q0pwjW5aF0xp9n4MxVrmkFBxc6EKZc6ddYx5gaZiAsZoq0uRRXWbi3AT/sBqn05eRPtn1JCPw=="],

    "@noble/hashes": ["@noble/hashes@2.3.0", "", {}, "sha512-oN+QwyX7VSHotibwubG3kpzbwKrfnyR6OOO+3Nk/53ADL7FmgHHz4TgrbaYKvvOw09u6QTx0oiH1cNCIOuN0CQ=="],

    "ts-mls": ["ts-mls@1.6.4", "", { "dependencies": { "@hpke/core": "1.9.0" }, "peerDependencies": { "@hpke/chacha20poly1305": "1.8.0", "@hpke/dhkem-x448": "1.8.0", "@hpke/hybridkem-x-wing": "0.7.0", "@hpke/ml-kem": "0.3.0", "@noble/ciphers": "2.1.1", "@noble/curves": "2.0.1", "@noble/post-quantum": "0.5.2" }, "optionalPeers": ["@hpke/chacha20poly1305", "@hpke/dhkem-x448", "@hpke/hybridkem-x-wing", "@hpke/ml-kem", "@noble/curves", "@noble/post-quantum"] }, "sha512-BFb9qJ3V1+HIuifC+MtnlROEj3oc6NEzA7Ig1/LAmANDRhNay7UCnwkzijzHH9cav5wf1BoJw8KQ2mXiEhPy1Q=="],

    "@noble/curves/@noble/hashes": ["@noble/hashes@2.0.1", "", {}, "sha512-XlOlEbQcE9fmuXxrVTXCTlG2nlRXa9Rj3rr5Ue/+tX+nmkgbX720YHh0VR3hBF9xDvwnb8D2shVGOwNx+ulArw=="],
  }
}
